# This file was autogenerated by uv via the following command:
#    uv pip compile requirements.txt -o requirements.lock
aiosqlite==0.22.1
    # via -r requirements.txt
annotated-doc==0.0.5
    # via fastapi
annotated-types==0.8.0
    # via pydantic
anyio==4.14.2
    # via
    #   httpx
    #   starlette
    #   watchfiles
base58==2.1.1
    # via -r requirements.txt
cachetools==7.1.7
    # via -r requirements.txt
certifi==2026.7.22
    # via
    #   httpcore
    #   httpx
    #   requests
charset-normalizer==3.5.1
    # via requests
click==8.4.2
    # via uvicorn
construct==2.10.70
    # via
    #   -r requirements.txt
    #   construct-typing
construct-typing==0.7.0
    # via solana
fastapi==0.141.1
    # via -r requirements.txt
h11==0.16.0
    # via
    #   httpcore
    #   uvicorn
httpcore==1.0.9
    # via httpx
httptools==0.8.0
    # via uvicorn
httpx==0.28.1
    # via solana
idna==3.18
    # via
    #   anyio
    #   httpx
    #   requests
jinja2==3.1.6
    # via -r requirements.txt
jsonalias==0.1.1
    # via solders
markupsafe==3.0.3
    # via jinja2
pydantic==2.13.4
    # via fastapi
pydantic-core==2.46.4
    # via pydantic
python-dotenv==1.2.3
    # via uvicorn
python-multipart==0.0.32
    # via -r requirements.txt
pyyaml==6.0.3
    # via uvicorn
requests==2.34.2
    # via -r requirements.txt
solana==0.36.12
    # via -r requirements.txt
solders==0.27.1
    # via
    #   -r requirements.txt
    #   solana
sqlalchemy==2.0.52
    # via -r requirements.txt
starlette==1.6.0
    # via fastapi
typing-extensions==4.16.0
    # via
    #   -r requirements.txt
    #   anyio
    #   construct-typing
    #   fastapi
    #   pydantic
    #   pydantic-core
    #   solana
    #   solders
    #   sqlalchemy
    #   starlette
    #   typing-inspection
typing-inspection==0.4.4
    # via
    #   fastapi
    #   pydantic
urllib3==2.7.0
    # via requests
uvicorn==0.52.3
    # via -r requirements.txt
uvloop==0.22.1
    # via uvicorn
watchfiles==1.2.0
    # via uvicorn
websockets==15.0.1
    # via
    #   solana
    #   uvicorn
